{
  "name": "rem-to-px-cli",
  "version": "1.0.0",
  "lockfileVersion": 3,
  "requires": true,
  "packages": {
    "": {
      "name": "rem-to-px-cli",
      "version": "1.0.0",
      "license": "MIT",
      "bin": {
        "rem-to-px-cli": "index.js"
      },
      "devDependencies": {}
    }
  }
}
